
Microsoft Visual Studio Solution File, Format Version 12.00
Project("{FAE04EC0-301F-11D3-BF4B-00C04F79EFBC}") = "Console_Contact_App", "Console_Contact_App\Console_Contact_App.csproj", "{29DF7596-E847-4FC7-8957-1DA2846881B1}"
EndProject
Project("{FAE04EC0-301F-11D3-BF4B-00C04F79EFBC}") = "UserLibrary", "UserLibrary\UserLibrary.csproj", "{FF240091-E9A1-4548-9297-FBEDA4957C17}"
EndProject
Project("{FAE04EC0-301F-11D3-BF4B-00C04F79EFBC}") = "Contact_App_Tests", "Contact_App_Tests\Contact_App_Tests.csproj", "{A0F07789-6EBA-41BC-BCBD-B23ED9FA38AE}"
EndProject
Global
	GlobalSection(SolutionConfigurationPlatforms) = preSolution
		Debug|Any CPU = Debug|Any CPU
		Release|Any CPU = Release|Any CPU
	EndGlobalSection
	GlobalSection(ProjectConfigurationPlatforms) = postSolution
		{29DF7596-E847-4FC7-8957-1DA2846881B1}.Debug|Any CPU.ActiveCfg = Debug|Any CPU
		{29DF7596-E847-4FC7-8957-1DA2846881B1}.Debug|Any CPU.Build.0 = Debug|Any CPU
		{29DF7596-E847-4FC7-8957-1DA2846881B1}.Release|Any CPU.ActiveCfg = Release|Any CPU
		{29DF7596-E847-4FC7-8957-1DA2846881B1}.Release|Any CPU.Build.0 = Release|Any CPU
		{FF240091-E9A1-4548-9297-FBEDA4957C17}.Debug|Any CPU.ActiveCfg = Debug|Any CPU
		{FF240091-E9A1-4548-9297-FBEDA4957C17}.Debug|Any CPU.Build.0 = Debug|Any CPU
		{FF240091-E9A1-4548-9297-FBEDA4957C17}.Release|Any CPU.ActiveCfg = Release|Any CPU
		{FF240091-E9A1-4548-9297-FBEDA4957C17}.Release|Any CPU.Build.0 = Release|Any CPU
		{A0F07789-6EBA-41BC-BCBD-B23ED9FA38AE}.Debug|Any CPU.ActiveCfg = Debug|Any CPU
		{A0F07789-6EBA-41BC-BCBD-B23ED9FA38AE}.Debug|Any CPU.Build.0 = Debug|Any CPU
		{A0F07789-6EBA-41BC-BCBD-B23ED9FA38AE}.Release|Any CPU.ActiveCfg = Release|Any CPU
		{A0F07789-6EBA-41BC-BCBD-B23ED9FA38AE}.Release|Any CPU.Build.0 = Release|Any CPU
	EndGlobalSection
EndGlobal
